
Microsoft Visual Studio Solution File, Format Version 12.00
# Visual Studio Version 17
VisualStudioVersion = 17.14.36310.24 d17.14
MinimumVisualStudioVersion = 10.0.40219.1
Project("{FAE04EC0-301F-11D3-BF4B-00C04F79EFBC}") = "MBVProject.WebAPI", "MBVProject.WebAPI\MBVProject.WebAPI.csproj", "{7AF30C41-F2AA-4795-BC29-28898A840B39}"
EndProject
Project("{FAE04EC0-301F-11D3-BF4B-00C04F79EFBC}") = "MBVProject.Domain", "MBVProject.Domain\MBVProject.Domain.csproj", "{949D04C9-9FBC-4FB8-8C7B-44801108DFD5}"
EndProject
Project("{FAE04EC0-301F-11D3-BF4B-00C04F79EFBC}") = "MBVProject.Application", "MBVProject.Application\MBVProject.Application.csproj", "{9887476D-5608-4D53-9E43-EF8BB2201CA5}"
EndProject
Project("{FAE04EC0-301F-11D3-BF4B-00C04F79EFBC}") = "MBVProject.Infrastructure", "MBVProject.Insfrastructure\MBVProject.Infrastructure.csproj", "{678119D2-1B51-485A-9A3C-D77624DA7B87}"
EndProject
Global
	GlobalSection(SolutionConfigurationPlatforms) = preSolution
		Debug|Any CPU = Debug|Any CPU
		Release|Any CPU = Release|Any CPU
	EndGlobalSection
	GlobalSection(ProjectConfigurationPlatforms) = postSolution
		{7AF30C41-F2AA-4795-BC29-28898A840B39}.Debug|Any CPU.ActiveCfg = Debug|Any CPU
		{7AF30C41-F2AA-4795-BC29-28898A840B39}.Debug|Any CPU.Build.0 = Debug|Any CPU
		{7AF30C41-F2AA-4795-BC29-28898A840B39}.Release|Any CPU.ActiveCfg = Release|Any CPU
		{7AF30C41-F2AA-4795-BC29-28898A840B39}.Release|Any CPU.Build.0 = Release|Any CPU
		{949D04C9-9FBC-4FB8-8C7B-44801108DFD5}.Debug|Any CPU.ActiveCfg = Debug|Any CPU
		{949D04C9-9FBC-4FB8-8C7B-44801108DFD5}.Debug|Any CPU.Build.0 = Debug|Any CPU
		{949D04C9-9FBC-4FB8-8C7B-44801108DFD5}.Release|Any CPU.ActiveCfg = Release|Any CPU
		{949D04C9-9FBC-4FB8-8C7B-44801108DFD5}.Release|Any CPU.Build.0 = Release|Any CPU
		{9887476D-5608-4D53-9E43-EF8BB2201CA5}.Debug|Any CPU.ActiveCfg = Debug|Any CPU
		{9887476D-5608-4D53-9E43-EF8BB2201CA5}.Debug|Any CPU.Build.0 = Debug|Any CPU
		{9887476D-5608-4D53-9E43-EF8BB2201CA5}.Release|Any CPU.ActiveCfg = Release|Any CPU
		{9887476D-5608-4D53-9E43-EF8BB2201CA5}.Release|Any CPU.Build.0 = Release|Any CPU
		{678119D2-1B51-485A-9A3C-D77624DA7B87}.Debug|Any CPU.ActiveCfg = Debug|Any CPU
		{678119D2-1B51-485A-9A3C-D77624DA7B87}.Debug|Any CPU.Build.0 = Debug|Any CPU
		{678119D2-1B51-485A-9A3C-D77624DA7B87}.Release|Any CPU.ActiveCfg = Release|Any CPU
		{678119D2-1B51-485A-9A3C-D77624DA7B87}.Release|Any CPU.Build.0 = Release|Any CPU
	EndGlobalSection
	GlobalSection(SolutionProperties) = preSolution
		HideSolutionNode = FALSE
	EndGlobalSection
	GlobalSection(ExtensibilityGlobals) = postSolution
		SolutionGuid = {C20C24D0-0459-45DF-84AC-CD624137D9D4}
	EndGlobalSection
EndGlobal
